
Microsoft Visual Studio Solution File, Format Version 12.00
# Visual Studio Version 16
VisualStudioVersion = 16.0.29411.108
MinimumVisualStudioVersion = 10.0.40219.1
Project("{FAE04EC0-301F-11D3-BF4B-00C04F79EFBC}") = "WinGitTest", "WinGitTest\WinGitTest.csproj", "{312E5A44-1684-47EA-A250-0D8D409B03F0}"
EndProject
Global
	GlobalSection(SolutionConfigurationPlatforms) = preSolution
		Debug|Any CPU = Debug|Any CPU
		Release|Any CPU = Release|Any CPU
	EndGlobalSection
	GlobalSection(ProjectConfigurationPlatforms) = postSolution
		{312E5A44-1684-47EA-A250-0D8D409B03F0}.Debug|Any CPU.ActiveCfg = Debug|Any CPU
		{312E5A44-1684-47EA-A250-0D8D409B03F0}.Debug|Any CPU.Build.0 = Debug|Any CPU
		{312E5A44-1684-47EA-A250-0D8D409B03F0}.Release|Any CPU.ActiveCfg = Release|Any CPU
		{312E5A44-1684-47EA-A250-0D8D409B03F0}.Release|Any CPU.Build.0 = Release|Any CPU
	EndGlobalSection
	GlobalSection(SolutionProperties) = preSolution
		HideSolutionNode = FALSE
	EndGlobalSection
	GlobalSection(ExtensibilityGlobals) = postSolution
		SolutionGuid = {0A900B93-59B6-405C-A517-15F8F0523443}
	EndGlobalSection
EndGlobal
